dependencies:
  espressif/esp-dl:
    component_hash: 996c9d5ae81ebbb38d3e70314cccdae6e2ae0908842fad3512cff60db734635c
    dependencies:
    - name: espressif/esp_new_jpeg
      registry_url: https://components.espressif.com
      require: private
      version: ^0.6.1
    - name: idf
      require: private
      version: '>=5.3'
    source:
      registry_url: https://components.espressif.com/
      type: service
    targets:
    - esp32
    - esp32s3
    - esp32p4
    version: 3.1.5
  espressif/esp32-camera:
    component_hash: f0a608b109935a5389221eee5090ec61f51b0df1a0749531fe59d33aaf263233
    dependencies:
    - name: espressif/esp_jpeg
      registry_url: https://components.espressif.com
      require: public
      version: ^1.3.1
    - name: idf
      require: private
      version: '>=5.1'
    source:
      registry_url: https://components.espressif.com/
      type: service
    version: 2.1.4
  espressif/esp_jpeg:
    component_hash: defb83669293cbf86d0fa86b475ba5517aceed04ed70db435388c151ab37b5d7
    dependencies:
    - name: idf
      require: private
      version: '>=5.0'
    source:
      registry_url: https://components.espressif.com
      type: service
    version: 1.3.1
  espressif/esp_new_jpeg:
    component_hash: e6af208a875abd0ecfc0213d3751a11b504b463ebde6930f24096047925fa5c1
    dependencies: []
    source:
      registry_url: https://components.espressif.com
      type: service
    targets:
    - esp32
    - esp32s2
    - esp32s3
    - esp32p4
    - esp32c2
    - esp32c3
    - esp32c5
    - esp32c6
    version: 0.6.1
  espressif/pedestrian_detect:
    component_hash: 3ca22d76b6cd2d235d516b7128298b52ae868bcf5087d8101df2cf9f0beb2515
    dependencies:
    - name: espressif/esp-dl
      registry_url: https://components.espressif.com
      require: private
      version: ^3.1.3
    source:
      registry_url: https://components.espressif.com/
      type: service
    version: 0.2.3~1
  idf:
    source:
      type: idf
    version: 6.0.0
direct_dependencies:
- espressif/esp-dl
- espressif/esp32-camera
- espressif/pedestrian_detect
manifest_hash: 9a9e8528e13f0d63995c47ab3d072a3e8dab1f5853b4b550cb1b6a9bcd538419
target: esp32s3
version: 2.0.0
